
Microsoft Visual Studio Solution File, Format Version 12.00
# Visual Studio Version 17
VisualStudioVersion = 17.8.34408.163
MinimumVisualStudioVersion = 10.0.40219.1
Project("{FAE04EC0-301F-11D3-BF4B-00C04F79EFBC}") = "PRACT_LAB_5", "PRACT_LAB_5\PRACT_LAB_5.csproj", "{D61A6839-C4AC-4BC9-AF74-415B1D7D8FE4}"
EndProject
Global
	GlobalSection(SolutionConfigurationPlatforms) = preSolution
		Debug|Any CPU = Debug|Any CPU
		Release|Any CPU = Release|Any CPU
	EndGlobalSection
	GlobalSection(ProjectConfigurationPlatforms) = postSolution
		{D61A6839-C4AC-4BC9-AF74-415B1D7D8FE4}.Debug|Any CPU.ActiveCfg = Debug|Any CPU
		{D61A6839-C4AC-4BC9-AF74-415B1D7D8FE4}.Debug|Any CPU.Build.0 = Debug|Any CPU
		{D61A6839-C4AC-4BC9-AF74-415B1D7D8FE4}.Release|Any CPU.ActiveCfg = Release|Any CPU
		{D61A6839-C4AC-4BC9-AF74-415B1D7D8FE4}.Release|Any CPU.Build.0 = Release|Any CPU
	EndGlobalSection
	GlobalSection(SolutionProperties) = preSolution
		HideSolutionNode = FALSE
	EndGlobalSection
	GlobalSection(ExtensibilityGlobals) = postSolution
		SolutionGuid = {275B10D3-119B-4782-A436-3C6822ADBEAA}
	EndGlobalSection
EndGlobal
